// !$*UTF8*$!
{
	archiveVersion = 1;
	classes = {
	};
	objectVersion = 56;
	objects = {

/* Begin PBXBuildFile section */
		A1B2C3D41234567890ABCDEF /* AppDelegate.swift in Sources */ = {isa = PBXBuildFile; fileRef = A1B2C3D31234567890ABCDEF /* AppDelegate.swift */; };
		A1B2C3D61234567890ABCDEF /* SceneDelegate.swift in Sources */ = {isa = PBXBuildFile; fileRef = A1B2C3D51234567890ABCDEF /* SceneDelegate.swift */; };
		A1B2C3D81234567890ABCDEF /* HomeViewController.swift in Sources */ = {isa = PBXBuildFile; fileRef = A1B2C3D71234567890ABCDEF /* HomeViewController.swift */; };
		A1B2C3DB1234567890ABCDEF /* Main.storyboard in Resources */ = {isa = PBXBuildFile; fileRef = A1B2C3D91234567890ABCDEF /* Main.storyboard */; };
		A1B2C3DD1234567890ABCDEF /* Assets.xcassets in Resources */ = {isa = PBXBuildFile; fileRef = A1B2C3DC1234567890ABCDEF /* Assets.xcassets */; };
		A1B2C3E01234567890ABCDEF /* LaunchScreen.storyboard in Resources */ = {isa = PBXBuildFile; fileRef = A1B2C3DE1234567890ABCDEF /* LaunchScreen.storyboard */; };
		A1B2C3E81234567890ABCDEF /* LocationManager.swift in Sources */ = {isa = PBXBuildFile; fileRef = A1B2C3E71234567890ABCDEF /* LocationManager.swift */; };
		A1B2C3EA1234567890ABCDEF /* NotificationManager.swift in Sources */ = {isa = PBXBuildFile; fileRef = A1B2C3E91234567890ABCDEF /* NotificationManager.swift */; };
		A1B2C3EC1234567890ABCDEF /* PropertyListViewController.swift in Sources */ = {isa = PBXBuildFile; fileRef = A1B2C3EB1234567890ABCDEF /* PropertyListViewController.swift */; };
		A1B2C3EE1234567890ABCDEF /* PropertyDetailViewController.swift in Sources */ = {isa = PBXBuildFile; fileRef = A1B2C3ED1234567890ABCDEF /* PropertyDetailViewController.swift */; };
		A1B2C3F01234567890ABCDEF /* Property.swift in Sources */ = {isa = PBXBuildFile; fileRef = A1B2C3EF1234567890ABCDEF /* Property.swift */; };
/* End PBXBuildFile section */

/* Begin PBXFileReference section */
		A1B2C3D01234567890ABCDEF /* CurbAppeal.app */ = {isa = PBXFileReference; explicitFileType = wrapper.application; includeInIndex = 0; path = CurbAppeal.app; sourceTree = BUILT_PRODUCTS_DIR; };
		A1B2C3D31234567890ABCDEF /* AppDelegate.swift */ = {isa = PBXFileReference; lastKnownFileType = sourcecode.swift; path = AppDelegate.swift; sourceTree = "<group>"; };
		A1B2C3D51234567890ABCDEF /* SceneDelegate.swift */ = {isa = PBXFileReference; lastKnownFileType = sourcecode.swift; path = SceneDelegate.swift; sourceTree = "<group>"; };
		A1B2C3D71234567890ABCDEF /* HomeViewController.swift */ = {isa = PBXFileReference; lastKnownFileType = sourcecode.swift; path = HomeViewController.swift; sourceTree = "<group>"; };
		A1B2C3DA1234567890ABCDEF /* Base */ = {isa = PBXFileReference; lastKnownFileType = file.storyboard; name = Base; path = Base.lproj/Main.storyboard; sourceTree = "<group>"; };
		A1B2C3DC1234567890ABCDEF /* Assets.xcassets */ = {isa = PBXFileReference; lastKnownFileType = folder.assetcatalog; path = Assets.xcassets; sourceTree = "<group>"; };
		A1B2C3DF1234567890ABCDEF /* Base */ = {isa = PBXFileReference; lastKnownFileType = file.storyboard; name = Base; path = Base.lproj/LaunchScreen.storyboard; sourceTree = "<group>"; };
		A1B2C3E11234567890ABCDEF /* Info.plist */ = {isa = PBXFileReference; lastKnownFileType = text.plist.xml; path = Info.plist; sourceTree = "<group>"; };
		A1B2C3E71234567890ABCDEF /* LocationManager.swift */ = {isa = PBXFileReference; lastKnownFileType = sourcecode.swift; path = LocationManager.swift; sourceTree = "<group>"; };
		A1B2C3E91234567890ABCDEF /* NotificationManager.swift */ = {isa = PBXFileReference; lastKnownFileType = sourcecode.swift; path = NotificationManager.swift; sourceTree = "<group>"; };
		A1B2C3EB1234567890ABCDEF /* PropertyListViewController.swift */ = {isa = PBXFileReference; lastKnownFileType = sourcecode.swift; path = PropertyListViewController.swift; sourceTree = "<group>"; };
		A1B2C3ED1234567890ABCDEF /* PropertyDetailViewController.swift */ = {isa = PBXFileReference; lastKnownFileType = sourcecode.swift; path = PropertyDetailViewController.swift; sourceTree = "<group>"; };
		A1B2C3EF1234567890ABCDEF /* Property.swift */ = {isa = PBXFileReference; lastKnownFileType = sourcecode.swift; path = Property.swift; sourceTree = "<group>"; };
/* End PBXFileReference section */

/* Begin PBXFrameworksBuildPhase section */
		A1B2C3CD1234567890ABCDEF /* Frameworks */ = {
			isa = PBXFrameworksBuildPhase;
			buildActionMask = 2147483647;
			files = (
			);
			runOnlyForDeploymentPostprocessing = 0;
		};
/* End PBXFrameworksBuildPhase section */

/* Begin PBXGroup section */
		A1B2C3C71234567890ABCDEF = {
			isa = PBXGroup;
			children = (
				A1B2C3D21234567890ABCDEF /* CurbAppeal */,
				A1B2C3D11234567890ABCDEF /* Products */,
			);
			sourceTree = "<group>";
		};
		A1B2C3D11234567890ABCDEF /* Products */ = {
			isa = PBXGroup;
			children = (
				A1B2C3D01234567890ABCDEF /* CurbAppeal.app */,
			);
			name = Products;
			sourceTree = "<group>";
		};
		A1B2C3D21234567890ABCDEF /* CurbAppeal */ = {
			isa = PBXGroup;
			children = (
				A1B2C3F11234567890ABCDEF /* Models */,
				A1B2C3F21234567890ABCDEF /* Views */,
				A1B2C3F31234567890ABCDEF /* Controllers */,
				A1B2C3F41234567890ABCDEF /* Services */,
				A1B2C3F51234567890ABCDEF /* Resources */,
				A1B2C3D31234567890ABCDEF /* AppDelegate.swift */,
				A1B2C3D51234567890ABCDEF /* SceneDelegate.swift */,
				A1B2C3E11234567890ABCDEF /* Info.plist */,
			);
			path = CurbAppeal;
			sourceTree = "<group>";
		};
		A1B2C3F11234567890ABCDEF /* Models */ = {
			isa = PBXGroup;
			children = (
				A1B2C3EF1234567890ABCDEF /* Property.swift */,
			);
			path = Models;
			sourceTree = "<group>";
		};
		A1B2C3F21234567890ABCDEF /* Views */ = {
			isa = PBXGroup;
			children = (
				A1B2C3D91234567890ABCDEF /* Main.storyboard */,
				A1B2C3DE1234567890ABCDEF /* LaunchScreen.storyboard */,
			);
			path = Views;
			sourceTree = "<group>";
		};
		A1B2C3F31234567890ABCDEF /* Controllers */ = {
			isa = PBXGroup;
			children = (
				A1B2C3D71234567890ABCDEF /* HomeViewController.swift */,
				A1B2C3EB1234567890ABCDEF /* PropertyListViewController.swift */,
				A1B2C3ED1234567890ABCDEF /* PropertyDetailViewController.swift */,
			);
			path = Controllers;
			sourceTree = "<group>";
		};
		A1B2C3F41234567890ABCDEF /* Services */ = {
			isa = PBXGroup;
			children = (
				A1B2C3E71234567890ABCDEF /* LocationManager.swift */,
				A1B2C3E91234567890ABCDEF /* NotificationManager.swift */,
			);
			path = Services;
			sourceTree = "<group>";
		};
		A1B2C3F51234567890ABCDEF /* Resources */ = {
			isa = PBXGroup;
			children = (
				A1B2C3DC1234567890ABCDEF /* Assets.xcassets */,
			);
			path = Resources;
			sourceTree = "<group>";
		};
/* End PBXGroup section */

/* Begin PBXNativeTarget section */
		A1B2C3CF1234567890ABCDEF /* CurbAppeal */ = {
			isa = PBXNativeTarget;
			buildConfigurationList = A1B2C3E41234567890ABCDEF /* Build configuration list for PBXNativeTarget "CurbAppeal" */;
			buildPhases = (
				A1B2C3CC1234567890ABCDEF /* Sources */,
				A1B2C3CD1234567890ABCDEF /* Frameworks */,
				A1B2C3CE1234567890ABCDEF /* Resources */,
			);
			buildRules = (
			);
			dependencies = (
			);
			name = CurbAppeal;
			productName = CurbAppeal;
			productReference = A1B2C3D01234567890ABCDEF /* CurbAppeal.app */;
			productType = "com.apple.product-type.application";
		};
/* End PBXNativeTarget section */

/* Begin PBXProject section */
		A1B2C3C81234567890ABCDEF /* Project object */ = {
			isa = PBXProject;
			attributes = {
				BuildIndependentTargetsInParallel = 1;
				LastSwiftUpdateCheck = 1430;
				LastUpgradeCheck = 1430;
				TargetAttributes = {
					A1B2C3CF1234567890ABCDEF = {
						CreatedOnToolsVersion = 14.3;
					};
				};
			};
			buildConfigurationList = A1B2C3CB1234567890ABCDEF /* Build configuration list for PBXProject "CurbAppeal" */;
			compatibilityVersion = "Xcode 14.0";
			developmentRegion = en;
			hasScannedForEncodings = 0;
			knownRegions = (
				en,
				Base,
			);
			mainGroup = A1B2C3C71234567890ABCDEF;
			productRefGroup = A1B2C3D11234567890ABCDEF /* Products */;
			projectDirPath = "";
			projectRoot = "";
			targets = (
				A1B2C3CF1234567890ABCDEF /* CurbAppeal */,
			);
		};
/* End PBXProject section */

/* Begin PBXResourcesBuildPhase section */
		A1B2C3CE1234567890ABCDEF /* Resources */ = {
			isa = PBXResourcesBuildPhase;
			buildActionMask = 2147483647;
			files = (
				A1B2C3E01234567890ABCDEF /* LaunchScreen.storyboard in Resources */,
				A1B2C3DD1234567890ABCDEF /* Assets.xcassets in Resources */,
				A1B2C3DB1234567890ABCDEF /* Main.storyboard in Resources */,
			);
			runOnlyForDeploymentPostprocessing = 0;
		};
/* End PBXResourcesBuildPhase section */

/* Begin PBXSourcesBuildPhase section */
		A1B2C3CC1234567890ABCDEF /* Sources */ = {
			isa = PBXSourcesBuildPhase;
			buildActionMask = 2147483647;
			files = (
				A1B2C3D81234567890ABCDEF /* HomeViewController.swift in Sources */,
				A1B2C3D41234567890ABCDEF /* AppDelegate.swift in Sources */,
				A1B2C3D61234567890ABCDEF /* SceneDelegate.swift in Sources */,
				A1B2C3E81234567890ABCDEF /* LocationManager.swift in Sources */,
				A1B2C3EA1234567890ABCDEF /* NotificationManager.swift in Sources */,
				A1B2C3EC1234567890ABCDEF /* PropertyListViewController.swift in Sources */,
				A1B2C3EE1234567890ABCDEF /* PropertyDetailViewController.swift in Sources */,
				A1B2C3F01234567890ABCDEF /* Property.swift in Sources */,
			);
			runOnlyForDeploymentPostprocessing = 0;
		};
/* End PBXSourcesBuildPhase section */

/* Begin PBXVariantGroup section */
		A1B2C3D91234567890ABCDEF /* Main.storyboard */ = {
			isa = PBXVariantGroup;
			children = (
				A1B2C3DA1234567890ABCDEF /* Base */,
			);
			name = Main.storyboard;
			sourceTree = "<group>";
		};
		A1B2C3DE1234567890ABCDEF /* LaunchScreen.storyboard */ = {
			isa = PBXVariantGroup;
			children = (
				A1B2C3DF1234567890ABCDEF /* Base */,
			);
			name = LaunchScreen.storyboard;
			sourceTree = "<group>";
		};
/* End PBXVariantGroup section */

/* Begin XCBuildConfiguration section */
		A1B2C3E21234567890ABCDEF /* Debug */ = {
			isa = XCBuildConfiguration;
			buildSettings = {
				ALWAYS_SEARCH_USER_PATHS = NO;
				CLANG_ANALYZER_NONNULL = YES;
				CLANG_ANALYZER_NUMBER_OBJECT_CONVERSION = YES_AGGRESSIVE;
				CLANG_CXX_LANGUAGE_STANDARD = "gnu++20";
				CLANG_ENABLE_MODULES = YES;
				CLANG_ENABLE_OBJC_ARC = YES;
				CLANG_ENABLE_OBJC_WEAK = YES;
				CLANG_WARN_BLOCK_CAPTURE_AUTORELEASING = YES;
				CLANG_WARN_BOOL_CONVERSION = YES;
				CLANG_WARN_COMMA = YES;
				CLANG_WARN_CONSTANT_CONVERSION = YES;
				CLANG_WARN_DEPRECATED_OBJC_IMPLEMENTATIONS = YES;
				CLANG_WARN_DIRECT_OBJC_ISA_USAGE = YES_ERROR;
				CLANG_WARN_DOCUMENTATION_COMMENTS = YES;
				CLANG_WARN_EMPTY_BODY = YES;
				CLANG_WARN_ENUM_CONVERSION = YES;
				CLANG_WARN_INFINITE_RECURSION = YES;
				CLANG_WARN_INT_CONVERSION = YES;
				CLANG_WARN_NON_LITERAL_NULL_CONVERSION = YES;
				CLANG_WARN_OBJC_IMPLICIT_RETAIN_SELF = YES;
				CLANG_WARN_OBJC_LITERAL_CONVERSION = YES;
				CLANG_WARN_OBJC_ROOT_CLASS = YES_ERROR;
				CLANG_WARN_QUOTED_INCLUDE_IN_FRAMEWORK_HEADER = YES;
				CLANG_WARN_RANGE_LOOP_ANALYSIS = YES;
				CLANG_WARN_STRICT_PROTOTYPES = YES;
				CLANG_WARN_SUSPICIOUS_MOVE = YES;
				CLANG_WARN_UNGUARDED_AVAILABILITY = YES_AGGRESSIVE;
				CLANG_WARN_UNREACHABLE_CODE = YES;
				CLANG_WARN__DUPLICATE_METHOD_MATCH = YES;
				COPY_PHASE_STRIP = NO;
				DEBUG_INFORMATION_FORMAT = dwarf;
				ENABLE_STRICT_OBJC_MSGSEND = YES;
				ENABLE_TESTABILITY = YES;
				GCC_C_LANGUAGE_STANDARD = gnu11;
				GCC_DYNAMIC_NO_PIC = NO;
				GCC_NO_COMMON_BLOCKS = YES;
				GCC_OPTIMIZATION_LEVEL = 0;
				GCC_PREPROCESSOR_DEFINITIONS = (
					"DEBUG=1",
					"$(inherited)",
				);
				GCC_WARN_64_TO_32_BIT_CONVERSION = YES;
				GCC_WARN_ABOUT_RETURN_TYPE = YES_ERROR;
				GCC_WARN_UNDECLARED_SELECTOR = YES;
				GCC_WARN_UNINITIALIZED_AUTOS = YES_AGGRESSIVE;
				GCC_WARN_UNUSED_FUNCTION = YES;
				GCC_WARN_UNUSED_VARIABLE = YES;
				IPHONEOS_DEPLOYMENT_TARGET = 15.0;
				MTL_ENABLE_DEBUG_INFO = INCLUDE_SOURCE;
				MTL_FAST_MATH = YES;
				ONLY_ACTIVE_ARCH = YES;
				SDKROOT = iphoneos;
				SWIFT_ACTIVE_COMPILATION_CONDITIONS = DEBUG;
				SWIFT_OPTIMIZATION_LEVEL = "-Onone";
			};
			name = Debug;
		};
		A1B2C3E31234567890ABCDEF /* Release */ = {
			isa = XCBuildConfiguration;
			buildSettings = {
				ALWAYS_SEARCH_USER_PATHS = NO;
				CLANG_ANALYZER_NONNULL = YES;
				CLANG_ANALYZER_NUMBER_OBJECT_CONVERSION = YES_AGGRESSIVE;
				CLANG_CXX_LANGUAGE_STANDARD = "gnu++20";
				CLANG_ENABLE_MODULES = YES;
				CLANG_ENABLE_OBJC_ARC = YES;
				CLANG_ENABLE_OBJC_WEAK = YES;
				CLANG_WARN_BLOCK_CAPTURE_AUTORELEASING = YES;
				CLANG_WARN_BOOL_CONVERSION = YES;
				CLANG_WARN_COMMA = YES;
				CLANG_WARN_CONSTANT_CONVERSION = YES;
				CLANG_WARN_DEPRECATED_OBJC_IMPLEMENTATIONS = YES;
				CLANG_WARN_DIRECT_OBJC_ISA_USAGE = YES_ERROR;
				CLANG_WARN_DOCUMENTATION_COMMENTS = YES;
				CLANG_WARN_EMPTY_BODY = YES;
				CLANG_WARN_ENUM_CONVERSION = YES;
				CLANG_WARN_INFINITE_RECURSION = YES;
				CLANG_WARN_INT_CONVERSION = YES;
				CLANG_WARN_NON_LITERAL_NULL_CONVERSION = YES;
				CLANG_WARN_OBJC_IMPLICIT_RETAIN_SELF = YES;
				CLANG_WARN_OBJC_LITERAL_CONVERSION = YES;
				CLANG_WARN_OBJC_ROOT_CLASS = YES_ERROR;
				CLANG_WARN_QUOTED_INCLUDE_IN_FRAMEWORK_HEADER = YES;
				CLANG_WARN_RANGE_LOOP_ANALYSIS = YES;
				CLANG_WARN_STRICT_PROTOTYPES = YES;
				CLANG_WARN_SUSPICIOUS_MOVE = YES;
				CLANG_WARN_UNGUARDED_AVAILABILITY = YES_AGGRESSIVE;
				CLANG_WARN_UNREACHABLE_CODE = YES;
				CLANG_WARN__DUPLICATE_METHOD_MATCH = YES;
				COPY_PHASE_STRIP = NO;
				DEBUG_INFORMATION_FORMAT = "dwarf-with-dsym";
				ENABLE_NS_ASSERTIONS = NO;
				ENABLE_STRICT_OBJC_MSGSEND = YES;
				GCC_C_LANGUAGE_STANDARD = gnu11;
				GCC_NO_COMMON_BLOCKS = YES;
				GCC_WARN_64_TO_32_BIT_CONVERSION = YES;
				GCC_WARN_ABOUT_RETURN_TYPE = YES_ERROR;
				GCC_WARN_UNDECLARED_SELECTOR = YES;
				GCC_WARN_UNINITIALIZED_AUTOS = YES_AGGRESSIVE;
				GCC_WARN_UNUSED_FUNCTION = YES;
				GCC_WARN_UNUSED_VARIABLE = YES;
				IPHONEOS_DEPLOYMENT_TARGET = 15.0;
				MTL_ENABLE_DEBUG_INFO = NO;
				MTL_FAST_MATH = YES;
				SDKROOT = iphoneos;
				SWIFT_COMPILATION_MODE = wholemodule;
				SWIFT_OPTIMIZATION_LEVEL = "-O";
				VALIDATE_PRODUCT = YES;
			};
			name = Release;
		};
		A1B2C3E51234567890ABCDEF /* Debug */ = {
			isa = XCBuildConfiguration;
			buildSettings = {
				ASSETCATALOG_COMPILER_APPICON_NAME = AppIcon;
				ASSETCATALOG_COMPILER_GLOBAL_ACCENT_COLOR_NAME = AccentColor;
				CODE_SIGN_STYLE = Automatic;
				CURRENT_PROJECT_VERSION = 1;
				DEVELOPMENT_TEAM = "";
				GENERATE_INFOPLIST_FILE = YES;
				INFOPLIST_FILE = CurbAppeal/Info.plist;
				INFOPLIST_KEY_CFBundleDisplayName = CurbAppeal;
				INFOPLIST_KEY_NSCameraUsageDescription = "CurbAppeal needs access to your camera to take photos of properties.";
				INFOPLIST_KEY_NSLocationAlwaysAndWhenInUseUsageDescription = "CurbAppeal needs access to your location to show nearby properties and send location-based notifications.";
				INFOPLIST_KEY_NSLocationWhenInUseUsageDescription = "CurbAppeal needs access to your location to show nearby properties.";
				INFOPLIST_KEY_UIApplicationSupportsIndirectInputEvents = YES;
				INFOPLIST_KEY_UILaunchStoryboardName = LaunchScreen;
				INFOPLIST_KEY_UIMainStoryboardFile = Main;
				INFOPLIST_KEY_UISupportedInterfaceOrientations = "UIInterfaceOrientationPortrait UIInterfaceOrientationLandscapeLeft UIInterfaceOrientationLandscapeRight";
				INFOPLIST_KEY_UISupportedInterfaceOrientations_iPad = "UIInterfaceOrientationLandscapeLeft UIInterfaceOrientationLandscapeRight UIInterfaceOrientationPortrait UIInterfaceOrientationPortraitUpsideDown";
				IPHONEOS_DEPLOYMENT_TARGET = 15.0;
				LD_RUNPATH_SEARCH_PATHS = (
					"$(inherited)",
					"@executable_path/Frameworks",
				);
				MARKETING_VERSION = 1.0;
				PRODUCT_BUNDLE_IDENTIFIER = com.yourcompany.CurbAppeal;
				PRODUCT_NAME = "$(TARGET_NAME)";
				SWIFT_EMIT_LOC_STRINGS = YES;
				SWIFT_VERSION = 5.0;
				TARGETED_DEVICE_FAMILY = "1,2";
			};
			name = Debug;
		};
		A1B2C3E61234567890ABCDEF /* Release */ = {
			isa = XCBuildConfiguration;
			buildSettings = {
				ASSETCATALOG_COMPILER_APPICON_NAME = AppIcon;
				ASSETCATALOG_COMPILER_GLOBAL_ACCENT_COLOR_NAME = AccentColor;
				CODE_SIGN_STYLE = Automatic;
				CURRENT_PROJECT_VERSION = 1;
				DEVELOPMENT_TEAM = "";
				GENERATE_INFOPLIST_FILE = YES;
				INFOPLIST_FILE = CurbAppeal/Info.plist;
				INFOPLIST_KEY_CFBundleDisplayName = CurbAppeal;
				INFOPLIST_KEY_NSCameraUsageDescription = "CurbAppeal needs access to your camera to take photos of properties.";
				INFOPLIST_KEY_NSLocationAlwaysAndWhenInUseUsageDescription = "CurbAppeal needs access to your location to show nearby properties and send location-based notifications.";
				INFOPLIST_KEY_NSLocationWhenInUseUsageDescription = "CurbAppeal needs access to your location to show nearby properties.";
				INFOPLIST_KEY_UIApplicationSupportsIndirectInputEvents = YES;
				INFOPLIST_KEY_UILaunchStoryboardName = LaunchScreen;
				INFOPLIST_KEY_UIMainStoryboardFile = Main;
				INFOPLIST_KEY_UISupportedInterfaceOrientations = "UIInterfaceOrientationPortrait UIInterfaceOrientationLandscapeLeft UIInterfaceOrientationLandscapeRight";
				INFOPLIST_KEY_UISupportedInterfaceOrientations_iPad = "UIInterfaceOrientationLandscapeLeft UIInterfaceOrientationLandscapeRight UIInterfaceOrientationPortrait UIInterfaceOrientationPortraitUpsideDown";
				IPHONEOS_DEPLOYMENT_TARGET = 15.0;
				LD_RUNPATH_SEARCH_PATHS = (
					"$(inherited)",
					"@executable_path/Frameworks",
				);
				MARKETING_VERSION = 1.0;
				PRODUCT_BUNDLE_IDENTIFIER = com.yourcompany.CurbAppeal;
				PRODUCT_NAME = "$(TARGET_NAME)";
				SWIFT_EMIT_LOC_STRINGS = YES;
				SWIFT_VERSION = 5.0;
				TARGETED_DEVICE_FAMILY = "1,2";
			};
			name = Release;
		};
/* End XCBuildConfiguration section */

/* Begin XCConfigurationList section */
		A1B2C3CB1234567890ABCDEF /* Build configuration list for PBXProject "CurbAppeal" */ = {
			isa = XCConfigurationList;
			buildConfigurations = (
				A1B2C3E21234567890ABCDEF /* Debug */,
				A1B2C3E31234567890ABCDEF /* Release */,
			);
			defaultConfigurationIsVisible = 0;
			defaultConfigurationName = Release;
		};
		A1B2C3E41234567890ABCDEF /* Build configuration list for PBXNativeTarget "CurbAppeal" */ = {
			isa = XCConfigurationList;
			buildConfigurations = (
				A1B2C3E51234567890ABCDEF /* Debug */,
				A1B2C3E61234567890ABCDEF /* Release */,
			);
			defaultConfigurationIsVisible = 0;
			defaultConfigurationName = Release;
		};
/* End XCConfigurationList section */
	};
	rootObject = A1B2C3C81234567890ABCDEF /* Project object */;
}